
Microsoft Visual Studio Solution File, Format Version 12.00
# Visual Studio Version 16
VisualStudioVersion = 16.0.29326.143
MinimumVisualStudioVersion = 10.0.40219.1
Project("{FAE04EC0-301F-11D3-BF4B-00C04F79EFBC}") = "TemperatureConversion", "TemperatureConversion\TemperatureConversion.csproj", "{824E2C02-1559-4473-BE6A-077F3281CE14}"
EndProject
Global
	GlobalSection(SolutionConfigurationPlatforms) = preSolution
		Debug|Any CPU = Debug|Any CPU
		Release|Any CPU = Release|Any CPU
	EndGlobalSection
	GlobalSection(ProjectConfigurationPlatforms) = postSolution
		{824E2C02-1559-4473-BE6A-077F3281CE14}.Debug|Any CPU.ActiveCfg = Debug|Any CPU
		{824E2C02-1559-4473-BE6A-077F3281CE14}.Debug|Any CPU.Build.0 = Debug|Any CPU
		{824E2C02-1559-4473-BE6A-077F3281CE14}.Release|Any CPU.ActiveCfg = Release|Any CPU
		{824E2C02-1559-4473-BE6A-077F3281CE14}.Release|Any CPU.Build.0 = Release|Any CPU
	EndGlobalSection
	GlobalSection(SolutionProperties) = preSolution
		HideSolutionNode = FALSE
	EndGlobalSection
	GlobalSection(ExtensibilityGlobals) = postSolution
		SolutionGuid = {6F7F0263-94C9-4126-9114-89D1491E7AD6}
	EndGlobalSection
EndGlobal
